// !$*UTF8*$!
{
	archiveVersion = 1;
	classes = {
	};
	objectVersion = 48;
	objects = {

/* Begin PBXBuildFile section */
		271247151FCEA8E7002C0451 /* AppDelegate.m in Sources */ = {isa = PBXBuildFile; fileRef = 271247141FCEA8E7002C0451 /* AppDelegate.m */; };
		271247181FCEA8E7002C0451 /* ViewController.m in Sources */ = {isa = PBXBuildFile; fileRef = 271247171FCEA8E7002C0451 /* ViewController.m */; };
		2712471B1FCEA8E7002C0451 /* Main.storyboard in Resources */ = {isa = PBXBuildFile; fileRef = 271247191FCEA8E7002C0451 /* Main.storyboard */; };
		2712471D1FCEA8E7002C0451 /* Assets.xcassets in Resources */ = {isa = PBXBuildFile; fileRef = 2712471C1FCEA8E7002C0451 /* Assets.xcassets */; };
		271247201FCEA8E7002C0451 /* LaunchScreen.storyboard in Resources */ = {isa = PBXBuildFile; fileRef = 2712471E1FCEA8E7002C0451 /* LaunchScreen.storyboard */; };
		271247231FCEA8E7002C0451 /* main.m in Sources */ = {isa = PBXBuildFile; fileRef = 271247221FCEA8E7002C0451 /* main.m */; };
		2712472D1FCEA8E7002C0451 /* testTests.m in Sources */ = {isa = PBXBuildFile; fileRef = 2712472C1FCEA8E7002C0451 /* testTests.m */; };
		271247381FCEA8E7002C0451 /* testUITests.m in Sources */ = {isa = PBXBuildFile; fileRef = 271247371FCEA8E7002C0451 /* testUITests.m */; };
/* End PBXBuildFile section */

/* Begin PBXContainerItemProxy section */
		271247291FCEA8E7002C0451 /* PBXContainerItemProxy */ = {
			isa = PBXContainerItemProxy;
			containerPortal = 271247081FCEA8E6002C0451 /* Project object */;
			proxyType = 1;
			remoteGlobalIDString = 2712470F1FCEA8E6002C0451;
			remoteInfo = test;
		};
		271247341FCEA8E7002C0451 /* PBXContainerItemProxy */ = {
			isa = PBXContainerItemProxy;
			containerPortal = 271247081FCEA8E6002C0451 /* Project object */;
			proxyType = 1;
			remoteGlobalIDString = 2712470F1FCEA8E6002C0451;
			remoteInfo = test;
		};
/* End PBXContainerItemProxy section */

/* Begin PBXFileReference section */
		271247101FCEA8E6002C0451 /* test.app */ = {isa = PBXFileReference; explicitFileType = wrapper.application; includeInIndex = 0; path = test.app; sourceTree = BUILT_PRODUCTS_DIR; };
		271247131FCEA8E7002C0451 /* AppDelegate.h */ = {isa = PBXFileReference; lastKnownFileType = sourcecode.c.h; path = AppDelegate.h; sourceTree = "<group>"; };
		271247141FCEA8E7002C0451 /* AppDelegate.m */ = {isa = PBXFileReference; lastKnownFileType = sourcecode.c.objc; path = AppDelegate.m; sourceTree = "<group>"; };
		271247161FCEA8E7002C0451 /* ViewController.h */ = {isa = PBXFileReference; lastKnownFileType = sourcecode.c.h; path = ViewController.h; sourceTree = "<group>"; };
		271247171FCEA8E7002C0451 /* ViewController.m */ = {isa = PBXFileReference; lastKnownFileType = sourcecode.c.objc; path = ViewController.m; sourceTree = "<group>"; };
		2712471A1FCEA8E7002C0451 /* Base */ = {isa = PBXFileReference; lastKnownFileType = file.storyboard; name = Base; path = Base.lproj/Main.storyboard; sourceTree = "<group>"; };
		2712471C1FCEA8E7002C0451 /* Assets.xcassets */ = {isa = PBXFileReference; lastKnownFileType = folder.assetcatalog; path = Assets.xcassets; sourceTree = "<group>"; };
		2712471F1FCEA8E7002C0451 /* Base */ = {isa = PBXFileReference; lastKnownFileType = file.storyboard; name = Base; path = Base.lproj/LaunchScreen.storyboard; sourceTree = "<group>"; };
		271247211FCEA8E7002C0451 /* Info.plist */ = {isa = PBXFileReference; lastKnownFileType = text.plist.xml; path = Info.plist; sourceTree = "<group>"; };
		271247221FCEA8E7002C0451 /* main.m */ = {isa = PBXFileReference; lastKnownFileType = sourcecode.c.objc; path = main.m; sourceTree = "<group>"; };
		271247281FCEA8E7002C0451 /* testTests.xctest */ = {isa = PBXFileReference; explicitFileType = wrapper.cfbundle; includeInIndex = 0; path = testTests.xctest; sourceTree = BUILT_PRODUCTS_DIR; };
		2712472C1FCEA8E7002C0451 /* testTests.m */ = {isa = PBXFileReference; lastKnownFileType = sourcecode.c.objc; path = testTests.m; sourceTree = "<group>"; };
		2712472E1FCEA8E7002C0451 /* Info.plist */ = {isa = PBXFileReference; lastKnownFileType = text.plist.xml; path = Info.plist; sourceTree = "<group>"; };
		271247331FCEA8E7002C0451 /* testUITests.xctest */ = {isa = PBXFileReference; explicitFileType = wrapper.cfbundle; includeInIndex = 0; path = testUITests.xctest; sourceTree = BUILT_PRODUCTS_DIR; };
		271247371FCEA8E7002C0451 /* testUITests.m */ = {isa = PBXFileReference; lastKnownFileType = sourcecode.c.objc; path = testUITests.m; sourceTree = "<group>"; };
		271247391FCEA8E7002C0451 /* Info.plist */ = {isa = PBXFileReference; lastKnownFileType = text.plist.xml; path = Info.plist; sourceTree = "<group>"; };
/* End PBXFileReference section */

/* Begin PBXFrameworksBuildPhase section */
		2712470D1FCEA8E6002C0451 /* Frameworks */ = {
			isa = PBXFrameworksBuildPhase;
			buildActionMask = 2147483647;
			files = (
			);
			runOnlyForDeploymentPostprocessing = 0;
		};
		271247251FCEA8E7002C0451 /* Frameworks */ = {
			isa = PBXFrameworksBuildPhase;
			buildActionMask = 2147483647;
			files = (
			);
			runOnlyForDeploymentPostprocessing = 0;
		};
		271247301FCEA8E7002C0451 /* Frameworks */ = {
			isa = PBXFrameworksBuildPhase;
			buildActionMask = 2147483647;
			files = (
			);
			runOnlyForDeploymentPostprocessing = 0;
		};
/* End PBXFrameworksBuildPhase section */

/* Begin PBXGroup section */
		271247071FCEA8E6002C0451 = {
			isa = PBXGroup;
			children = (
				271247121FCEA8E6002C0451 /* test */,
				2712472B1FCEA8E7002C0451 /* testTests */,
				271247361FCEA8E7002C0451 /* testUITests */,
				271247111FCEA8E6002C0451 /* Products */,
			);
			sourceTree = "<group>";
		};
		271247111FCEA8E6002C0451 /* Products */ = {
			isa = PBXGroup;
			children = (
				271247101FCEA8E6002C0451 /* test.app */,
				271247281FCEA8E7002C0451 /* testTests.xctest */,
				271247331FCEA8E7002C0451 /* testUITests.xctest */,
			);
			name = Products;
			sourceTree = "<group>";
		};
		271247121FCEA8E6002C0451 /* test */ = {
			isa = PBXGroup;
			children = (
				271247131FCEA8E7002C0451 /* AppDelegate.h */,
				271247141FCEA8E7002C0451 /* AppDelegate.m */,
				271247161FCEA8E7002C0451 /* ViewController.h */,
				271247171FCEA8E7002C0451 /* ViewController.m */,
				271247191FCEA8E7002C0451 /* Main.storyboard */,
				2712471C1FCEA8E7002C0451 /* Assets.xcassets */,
				2712471E1FCEA8E7002C0451 /* LaunchScreen.storyboard */,
				271247211FCEA8E7002C0451 /* Info.plist */,
				271247221FCEA8E7002C0451 /* main.m */,
			);
			path = test;
			sourceTree = "<group>";
		};
		2712472B1FCEA8E7002C0451 /* testTests */ = {
			isa = PBXGroup;
			children = (
				2712472C1FCEA8E7002C0451 /* testTests.m */,
				2712472E1FCEA8E7002C0451 /* Info.plist */,
			);
			path = testTests;
			sourceTree = "<group>";
		};
		271247361FCEA8E7002C0451 /* testUITests */ = {
			isa = PBXGroup;
			children = (
				271247371FCEA8E7002C0451 /* testUITests.m */,
				271247391FCEA8E7002C0451 /* Info.plist */,
			);
			path = testUITests;
			sourceTree = "<group>";
		};
/* End PBXGroup section */

/* Begin PBXNativeTarget section */
		2712470F1FCEA8E6002C0451 /* test */ = {
			isa = PBXNativeTarget;
			buildConfigurationList = 2712473C1FCEA8E7002C0451 /* Build configuration list for PBXNativeTarget "test" */;
			buildPhases = (
				2712470C1FCEA8E6002C0451 /* Sources */,
				2712470D1FCEA8E6002C0451 /* Frameworks */,
				2712470E1FCEA8E6002C0451 /* Resources */,
			);
			buildRules = (
			);
			dependencies = (
			);
			name = test;
			productName = test;
			productReference = 271247101FCEA8E6002C0451 /* test.app */;
			productType = "com.apple.product-type.application";
		};
		271247271FCEA8E7002C0451 /* testTests */ = {
			isa = PBXNativeTarget;
			buildConfigurationList = 2712473F1FCEA8E7002C0451 /* Build configuration list for PBXNativeTarget "testTests" */;
			buildPhases = (
				271247241FCEA8E7002C0451 /* Sources */,
				271247251FCEA8E7002C0451 /* Frameworks */,
				271247261FCEA8E7002C0451 /* Resources */,
			);
			buildRules = (
			);
			dependencies = (
				2712472A1FCEA8E7002C0451 /* PBXTargetDependency */,
			);
			name = testTests;
			productName = testTests;
			productReference = 271247281FCEA8E7002C0451 /* testTests.xctest */;
			productType = "com.apple.product-type.bundle.unit-test";
		};
		271247321FCEA8E7002C0451 /* testUITests */ = {
			isa = PBXNativeTarget;
			buildConfigurationList = 271247421FCEA8E7002C0451 /* Build configuration list for PBXNativeTarget "testUITests" */;
			buildPhases = (
				2712472F1FCEA8E7002C0451 /* Sources */,
				271247301FCEA8E7002C0451 /* Frameworks */,
				271247311FCEA8E7002C0451 /* Resources */,
			);
			buildRules = (
			);
			dependencies = (
				271247351FCEA8E7002C0451 /* PBXTargetDependency */,
			);
			name = testUITests;
			productName = testUITests;
			productReference = 271247331FCEA8E7002C0451 /* testUITests.xctest */;
			productType = "com.apple.product-type.bundle.ui-testing";
		};
/* End PBXNativeTarget section */

/* Begin PBXProject section */
		271247081FCEA8E6002C0451 /* Project object */ = {
			isa = PBXProject;
			attributes = {
				LastUpgradeCheck = 0910;
				ORGANIZATIONNAME = taohuadao;
				TargetAttributes = {
					2712470F1FCEA8E6002C0451 = {
						CreatedOnToolsVersion = 9.1;
						ProvisioningStyle = Automatic;
					};
					271247271FCEA8E7002C0451 = {
						CreatedOnToolsVersion = 9.1;
						ProvisioningStyle = Automatic;
						TestTargetID = 2712470F1FCEA8E6002C0451;
					};
					271247321FCEA8E7002C0451 = {
						CreatedOnToolsVersion = 9.1;
						ProvisioningStyle = Automatic;
						TestTargetID = 2712470F1FCEA8E6002C0451;
					};
				};
			};
			buildConfigurationList = 2712470B1FCEA8E6002C0451 /* Build configuration list for PBXProject "test" */;
			compatibilityVersion = "Xcode 8.0";
			developmentRegion = en;
			hasScannedForEncodings = 0;
			knownRegions = (
				en,
				Base,
			);
			mainGroup = 271247071FCEA8E6002C0451;
			productRefGroup = 271247111FCEA8E6002C0451 /* Products */;
			projectDirPath = "";
			projectRoot = "";
			targets = (
				2712470F1FCEA8E6002C0451 /* test */,
				271247271FCEA8E7002C0451 /* testTests */,
				271247321FCEA8E7002C0451 /* testUITests */,
			);
		};
/* End PBXProject section */

/* Begin PBXResourcesBuildPhase section */
		2712470E1FCEA8E6002C0451 /* Resources */ = {
			isa = PBXResourcesBuildPhase;
			buildActionMask = 2147483647;
			files = (
				271247201FCEA8E7002C0451 /* LaunchScreen.storyboard in Resources */,
				2712471D1FCEA8E7002C0451 /* Assets.xcassets in Resources */,
				2712471B1FCEA8E7002C0451 /* Main.storyboard in Resources */,
			);
			runOnlyForDeploymentPostprocessing = 0;
		};
		271247261FCEA8E7002C0451 /* Resources */ = {
			isa = PBXResourcesBuildPhase;
			buildActionMask = 2147483647;
			files = (
			);
			runOnlyForDeploymentPostprocessing = 0;
		};
		271247311FCEA8E7002C0451 /* Resources */ = {
			isa = PBXResourcesBuildPhase;
			buildActionMask = 2147483647;
			files = (
			);
			runOnlyForDeploymentPostprocessing = 0;
		};
/* End PBXResourcesBuildPhase section */

/* Begin PBXSourcesBuildPhase section */
		2712470C1FCEA8E6002C0451 /* Sources */ = {
			isa = PBXSourcesBuildPhase;
			buildActionMask = 2147483647;
			files = (
				271247181FCEA8E7002C0451 /* ViewController.m in Sources */,
				271247231FCEA8E7002C0451 /* main.m in Sources */,
				271247151FCEA8E7002C0451 /* AppDelegate.m in Sources */,
			);
			runOnlyForDeploymentPostprocessing = 0;
		};
		271247241FCEA8E7002C0451 /* Sources */ = {
			isa = PBXSourcesBuildPhase;
			buildActionMask = 2147483647;
			files = (
				2712472D1FCEA8E7002C0451 /* testTests.m in Sources */,
			);
			runOnlyForDeploymentPostprocessing = 0;
		};
		2712472F1FCEA8E7002C0451 /* Sources */ = {
			isa = PBXSourcesBuildPhase;
			buildActionMask = 2147483647;
			files = (
				271247381FCEA8E7002C0451 /* testUITests.m in Sources */,
			);
			runOnlyForDeploymentPostprocessing = 0;
		};
/* End PBXSourcesBuildPhase section */

/* Begin PBXTargetDependency section */
		2712472A1FCEA8E7002C0451 /* PBXTargetDependency */ = {
			isa = PBXTargetDependency;
			target = 2712470F1FCEA8E6002C0451 /* test */;
			targetProxy = 271247291FCEA8E7002C0451 /* PBXContainerItemProxy */;
		};
		271247351FCEA8E7002C0451 /* PBXTargetDependency */ = {
			isa = PBXTargetDependency;
			target = 2712470F1FCEA8E6002C0451 /* test */;
			targetProxy = 271247341FCEA8E7002C0451 /* PBXContainerItemProxy */;
		};
/* End PBXTargetDependency section */

/* Begin PBXVariantGroup section */
		271247191FCEA8E7002C0451 /* Main.storyboard */ = {
			isa = PBXVariantGroup;
			children = (
				2712471A1FCEA8E7002C0451 /* Base */,
			);
			name = Main.storyboard;
			sourceTree = "<group>";
		};
		2712471E1FCEA8E7002C0451 /* LaunchScreen.storyboard */ = {
			isa = PBXVariantGroup;
			children = (
				2712471F1FCEA8E7002C0451 /* Base */,
			);
			name = LaunchScreen.storyboard;
			sourceTree = "<group>";
		};
/* End PBXVariantGroup section */

/* Begin XCBuildConfiguration section */
		2712473A1FCEA8E7002C0451 /* Debug */ = {
			isa = XCBuildConfiguration;
			buildSettings = {
				ALWAYS_SEARCH_USER_PATHS = NO;
				CLANG_ANALYZER_NONNULL = YES;
				CLANG_ANALYZER_NUMBER_OBJECT_CONVERSION = YES_AGGRESSIVE;
				CLANG_CXX_LANGUAGE_STANDARD = "gnu++14";
				CLANG_CXX_LIBRARY = "libc++";
				CLANG_ENABLE_MODULES = YES;
				CLANG_ENABLE_OBJC_ARC = YES;
				CLANG_WARN_BLOCK_CAPTURE_AUTORELEASING = YES;
				CLANG_WARN_BOOL_CONVERSION = YES;
				CLANG_WARN_COMMA = YES;
				CLANG_WARN_CONSTANT_CONVERSION = YES;
				CLANG_WARN_DIRECT_OBJC_ISA_USAGE = YES_ERROR;
				CLANG_WARN_DOCUMENTATION_COMMENTS = YES;
				CLANG_WARN_EMPTY_BODY = YES;
				CLANG_WARN_ENUM_CONVERSION = YES;
				CLANG_WARN_INFINITE_RECURSION = YES;
				CLANG_WARN_INT_CONVERSION = YES;
				CLANG_WARN_NON_LITERAL_NULL_CONVERSION = YES;
				CLANG_WARN_OBJC_LITERAL_CONVERSION = YES;
				CLANG_WARN_OBJC_ROOT_CLASS = YES_ERROR;
				CLANG_WARN_RANGE_LOOP_ANALYSIS = YES;
				CLANG_WARN_STRICT_PROTOTYPES = YES;
				CLANG_WARN_SUSPICIOUS_MOVE = YES;
				CLANG_WARN_UNGUARDED_AVAILABILITY = YES_AGGRESSIVE;
				CLANG_WARN_UNREACHABLE_CODE = YES;
				CLANG_WARN__DUPLICATE_METHOD_MATCH = YES;
				CODE_SIGN_IDENTITY = "iPhone Developer";
				COPY_PHASE_STRIP = NO;
				DEBUG_INFORMATION_FORMAT = dwarf;
				ENABLE_STRICT_OBJC_MSGSEND = YES;
				ENABLE_TESTABILITY = YES;
				GCC_C_LANGUAGE_STANDARD = gnu11;
				GCC_DYNAMIC_NO_PIC = NO;
				GCC_NO_COMMON_BLOCKS = YES;
				GCC_OPTIMIZATION_LEVEL = 0;
				GCC_PREPROCESSOR_DEFINITIONS = (
					"DEBUG=1",
					"$(inherited)",
				);
				GCC_WARN_64_TO_32_BIT_CONVERSION = YES;
				GCC_WARN_ABOUT_RETURN_TYPE = YES_ERROR;
				GCC_WARN_UNDECLARED_SELECTOR = YES;
				GCC_WARN_UNINITIALIZED_AUTOS = YES_AGGRESSIVE;
				GCC_WARN_UNUSED_FUNCTION = YES;
				GCC_WARN_UNUSED_VARIABLE = YES;
				IPHONEOS_DEPLOYMENT_TARGET = 11.1;
				MTL_ENABLE_DEBUG_INFO = YES;
				ONLY_ACTIVE_ARCH = YES;
				SDKROOT = iphoneos;
			};
			name = Debug;
		};
		2712473B1FCEA8E7002C0451 /* Release */ = {
			isa = XCBuildConfiguration;
			buildSettings = {
				ALWAYS_SEARCH_USER_PATHS = NO;
				CLANG_ANALYZER_NONNULL = YES;
				CLANG_ANALYZER_NUMBER_OBJECT_CONVERSION = YES_AGGRESSIVE;
				CLANG_CXX_LANGUAGE_STANDARD = "gnu++14";
				CLANG_CXX_LIBRARY = "libc++";
				CLANG_ENABLE_MODULES = YES;
				CLANG_ENABLE_OBJC_ARC = YES;
				CLANG_WARN_BLOCK_CAPTURE_AUTORELEASING = YES;
				CLANG_WARN_BOOL_CONVERSION = YES;
				CLANG_WARN_COMMA = YES;
				CLANG_WARN_CONSTANT_CONVERSION = YES;
				CLANG_WARN_DIRECT_OBJC_ISA_USAGE = YES_ERROR;
				CLANG_WARN_DOCUMENTATION_COMMENTS = YES;
				CLANG_WARN_EMPTY_BODY = YES;
				CLANG_WARN_ENUM_CONVERSION = YES;
				CLANG_WARN_INFINITE_RECURSION = YES;
				CLANG_WARN_INT_CONVERSION = YES;
				CLANG_WARN_NON_LITERAL_NULL_CONVERSION = YES;
				CLANG_WARN_OBJC_LITERAL_CONVERSION = YES;
				CLANG_WARN_OBJC_ROOT_CLASS = YES_ERROR;
				CLANG_WARN_RANGE_LOOP_ANALYSIS = YES;
				CLANG_WARN_STRICT_PROTOTYPES = YES;
				CLANG_WARN_SUSPICIOUS_MOVE = YES;
				CLANG_WARN_UNGUARDED_AVAILABILITY = YES_AGGRESSIVE;
				CLANG_WARN_UNREACHABLE_CODE = YES;
				CLANG_WARN__DUPLICATE_METHOD_MATCH = YES;
				CODE_SIGN_IDENTITY = "iPhone Developer";
				COPY_PHASE_STRIP = NO;
				DEBUG_INFORMATION_FORMAT = "dwarf-with-dsym";
				ENABLE_NS_ASSERTIONS = NO;
				ENABLE_STRICT_OBJC_MSGSEND = YES;
				GCC_C_LANGUAGE_STANDARD = gnu11;
				GCC_NO_COMMON_BLOCKS = YES;
				GCC_WARN_64_TO_32_BIT_CONVERSION = YES;
				GCC_WARN_ABOUT_RETURN_TYPE = YES_ERROR;
				GCC_WARN_UNDECLARED_SELECTOR = YES;
				GCC_WARN_UNINITIALIZED_AUTOS = YES_AGGRESSIVE;
				GCC_WARN_UNUSED_FUNCTION = YES;
				GCC_WARN_UNUSED_VARIABLE = YES;
				IPHONEOS_DEPLOYMENT_TARGET = 11.1;
				MTL_ENABLE_DEBUG_INFO = NO;
				SDKROOT = iphoneos;
				VALIDATE_PRODUCT = YES;
			};
			name = Release;
		};
		2712473D1FCEA8E7002C0451 /* Debug */ = {
			isa = XCBuildConfiguration;
			buildSettings = {
				ASSETCATALOG_COMPILER_APPICON_NAME = AppIcon;
				CODE_SIGN_STYLE = Automatic;
				DEVELOPMENT_TEAM = TCRKJZAMRH;
				INFOPLIST_FILE = test/Info.plist;
				LD_RUNPATH_SEARCH_PATHS = "$(inherited) @executable_path/Frameworks";
				PRODUCT_BUNDLE_IDENTIFIER = com.sy.test.test;
				PRODUCT_NAME = "$(TARGET_NAME)";
				TARGETED_DEVICE_FAMILY = "1,2";
			};
			name = Debug;
		};
		2712473E1FCEA8E7002C0451 /* Release */ = {
			isa = XCBuildConfiguration;
			buildSettings = {
				ASSETCATALOG_COMPILER_APPICON_NAME = AppIcon;
				CODE_SIGN_STYLE = Automatic;
				DEVELOPMENT_TEAM = TCRKJZAMRH;
				INFOPLIST_FILE = test/Info.plist;
				LD_RUNPATH_SEARCH_PATHS = "$(inherited) @executable_path/Frameworks";
				PRODUCT_BUNDLE_IDENTIFIER = com.sy.test.test;
				PRODUCT_NAME = "$(TARGET_NAME)";
				TARGETED_DEVICE_FAMILY = "1,2";
			};
			name = Release;
		};
		271247401FCEA8E7002C0451 /* Debug */ = {
			isa = XCBuildConfiguration;
			buildSettings = {
				BUNDLE_LOADER = "$(TEST_HOST)";
				CODE_SIGN_STYLE = Automatic;
				DEVELOPMENT_TEAM = TCRKJZAMRH;
				INFOPLIST_FILE = testTests/Info.plist;
				LD_RUNPATH_SEARCH_PATHS = "$(inherited) @executable_path/Frameworks @loader_path/Frameworks";
				PRODUCT_BUNDLE_IDENTIFIER = com.sy.test.testTests;
				PRODUCT_NAME = "$(TARGET_NAME)";
				TARGETED_DEVICE_FAMILY = "1,2";
				TEST_HOST = "$(BUILT_PRODUCTS_DIR)/test.app/test";
			};
			name = Debug;
		};
		271247411FCEA8E7002C0451 /* Release */ = {
			isa = XCBuildConfiguration;
			buildSettings = {
				BUNDLE_LOADER = "$(TEST_HOST)";
				CODE_SIGN_STYLE = Automatic;
				DEVELOPMENT_TEAM = TCRKJZAMRH;
				INFOPLIST_FILE = testTests/Info.plist;
				LD_RUNPATH_SEARCH_PATHS = "$(inherited) @executable_path/Frameworks @loader_path/Frameworks";
				PRODUCT_BUNDLE_IDENTIFIER = com.sy.test.testTests;
				PRODUCT_NAME = "$(TARGET_NAME)";
				TARGETED_DEVICE_FAMILY = "1,2";
				TEST_HOST = "$(BUILT_PRODUCTS_DIR)/test.app/test";
			};
			name = Release;
		};
		271247431FCEA8E7002C0451 /* Debug */ = {
			isa = XCBuildConfiguration;
			buildSettings = {
				CODE_SIGN_STYLE = Automatic;
				DEVELOPMENT_TEAM = TCRKJZAMRH;
				INFOPLIST_FILE = testUITests/Info.plist;
				LD_RUNPATH_SEARCH_PATHS = "$(inherited) @executable_path/Frameworks @loader_path/Frameworks";
				PRODUCT_BUNDLE_IDENTIFIER = com.sy.test.testUITests;
				PRODUCT_NAME = "$(TARGET_NAME)";
				TARGETED_DEVICE_FAMILY = "1,2";
				TEST_TARGET_NAME = test;
			};
			name = Debug;
		};
		271247441FCEA8E7002C0451 /* Release */ = {
			isa = XCBuildConfiguration;
			buildSettings = {
				CODE_SIGN_STYLE = Automatic;
				DEVELOPMENT_TEAM = TCRKJZAMRH;
				INFOPLIST_FILE = testUITests/Info.plist;
				LD_RUNPATH_SEARCH_PATHS = "$(inherited) @executable_path/Frameworks @loader_path/Frameworks";
				PRODUCT_BUNDLE_IDENTIFIER = com.sy.test.testUITests;
				PRODUCT_NAME = "$(TARGET_NAME)";
				TARGETED_DEVICE_FAMILY = "1,2";
				TEST_TARGET_NAME = test;
			};
			name = Release;
		};
/* End XCBuildConfiguration section */

/* Begin XCConfigurationList section */
		2712470B1FCEA8E6002C0451 /* Build configuration list for PBXProject "test" */ = {
			isa = XCConfigurationList;
			buildConfigurations = (
				2712473A1FCEA8E7002C0451 /* Debug */,
				2712473B1FCEA8E7002C0451 /* Release */,
			);
			defaultConfigurationIsVisible = 0;
			defaultConfigurationName = Release;
		};
		2712473C1FCEA8E7002C0451 /* Build configuration list for PBXNativeTarget "test" */ = {
			isa = XCConfigurationList;
			buildConfigurations = (
				2712473D1FCEA8E7002C0451 /* Debug */,
				2712473E1FCEA8E7002C0451 /* Release */,
			);
			defaultConfigurationIsVisible = 0;
			defaultConfigurationName = Release;
		};
		2712473F1FCEA8E7002C0451 /* Build configuration list for PBXNativeTarget "testTests" */ = {
			isa = XCConfigurationList;
			buildConfigurations = (
				271247401FCEA8E7002C0451 /* Debug */,
				271247411FCEA8E7002C0451 /* Release */,
			);
			defaultConfigurationIsVisible = 0;
			defaultConfigurationName = Release;
		};
		271247421FCEA8E7002C0451 /* Build configuration list for PBXNativeTarget "testUITests" */ = {
			isa = XCConfigurationList;
			buildConfigurations = (
				271247431FCEA8E7002C0451 /* Debug */,
				271247441FCEA8E7002C0451 /* Release */,
			);
			defaultConfigurationIsVisible = 0;
			defaultConfigurationName = Release;
		};
/* End XCConfigurationList section */
	};
	rootObject = 271247081FCEA8E6002C0451 /* Project object */;
}
